
Microsoft Visual Studio Solution File, Format Version 12.00
# Visual Studio Version 16
VisualStudioVersion = 16.0.29613.14
MinimumVisualStudioVersion = 10.0.40219.1
Project("{FAE04EC0-301F-11D3-BF4B-00C04F79EFBC}") = "CarService", "CarService.csproj", "{5CA3FBFF-D6A1-4423-A4B8-D7421DFB4887}"
EndProject
Global
	GlobalSection(SolutionConfigurationPlatforms) = preSolution
		Debug|Any CPU = Debug|Any CPU
		Release|Any CPU = Release|Any CPU
	EndGlobalSection
	GlobalSection(ProjectConfigurationPlatforms) = postSolution
		{5CA3FBFF-D6A1-4423-A4B8-D7421DFB4887}.Debug|Any CPU.ActiveCfg = Debug|Any CPU
		{5CA3FBFF-D6A1-4423-A4B8-D7421DFB4887}.Debug|Any CPU.Build.0 = Debug|Any CPU
		{5CA3FBFF-D6A1-4423-A4B8-D7421DFB4887}.Release|Any CPU.ActiveCfg = Release|Any CPU
		{5CA3FBFF-D6A1-4423-A4B8-D7421DFB4887}.Release|Any CPU.Build.0 = Release|Any CPU
	EndGlobalSection
	GlobalSection(SolutionProperties) = preSolution
		HideSolutionNode = FALSE
	EndGlobalSection
	GlobalSection(ExtensibilityGlobals) = postSolution
		SolutionGuid = {A0950C2D-753F-435B-AC19-C42B6CEEF757}
	EndGlobalSection
EndGlobal
